
Microsoft Visual Studio Solution File, Format Version 12.00
# Visual Studio Version 17
VisualStudioVersion = 17.1.32328.378
MinimumVisualStudioVersion = 10.0.40219.1
Project("{8BC9CEB8-8B4A-11D0-8D11-00A0C91BC942}") = "02. Card", "02. Card.vcxproj", "{BFD0DDE2-7119-4C15-AA87-8E2C372A84A1}"
EndProject
Global
	GlobalSection(SolutionConfigurationPlatforms) = preSolution
		Debug|x64 = Debug|x64
		Debug|x86 = Debug|x86
		Release|x64 = Release|x64
		Release|x86 = Release|x86
	EndGlobalSection
	GlobalSection(ProjectConfigurationPlatforms) = postSolution
		{BFD0DDE2-7119-4C15-AA87-8E2C372A84A1}.Debug|x64.ActiveCfg = Debug|x64
		{BFD0DDE2-7119-4C15-AA87-8E2C372A84A1}.Debug|x64.Build.0 = Debug|x64
		{BFD0DDE2-7119-4C15-AA87-8E2C372A84A1}.Debug|x86.ActiveCfg = Debug|Win32
		{BFD0DDE2-7119-4C15-AA87-8E2C372A84A1}.Debug|x86.Build.0 = Debug|Win32
		{BFD0DDE2-7119-4C15-AA87-8E2C372A84A1}.Release|x64.ActiveCfg = Release|x64
		{BFD0DDE2-7119-4C15-AA87-8E2C372A84A1}.Release|x64.Build.0 = Release|x64
		{BFD0DDE2-7119-4C15-AA87-8E2C372A84A1}.Release|x86.ActiveCfg = Release|Win32
		{BFD0DDE2-7119-4C15-AA87-8E2C372A84A1}.Release|x86.Build.0 = Release|Win32
	EndGlobalSection
	GlobalSection(SolutionProperties) = preSolution
		HideSolutionNode = FALSE
	EndGlobalSection
	GlobalSection(ExtensibilityGlobals) = postSolution
		SolutionGuid = {19A31BB6-D2F5-4375-A90A-3E911F344662}
	EndGlobalSection
EndGlobal
